
Microsoft Visual Studio Solution File, Format Version 12.00
# Visual Studio Version 17
VisualStudioVersion = 17.9.34728.123
MinimumVisualStudioVersion = 10.0.40219.1
Project("{9A19103F-16F7-4668-BE54-9A1E7A4F7556}") = "TtcMau", "TtcMau\TtcMau.csproj", "{42723CC7-879B-4603-8621-6D956F0D5854}"
EndProject
Global
	GlobalSection(SolutionConfigurationPlatforms) = preSolution
		Debug|Any CPU = Debug|Any CPU
		Release|Any CPU = Release|Any CPU
	EndGlobalSection
	GlobalSection(ProjectConfigurationPlatforms) = postSolution
		{42723CC7-879B-4603-8621-6D956F0D5854}.Debug|Any CPU.ActiveCfg = Debug|Any CPU
		{42723CC7-879B-4603-8621-6D956F0D5854}.Debug|Any CPU.Build.0 = Debug|Any CPU
		{42723CC7-879B-4603-8621-6D956F0D5854}.Debug|Any CPU.Deploy.0 = Debug|Any CPU
		{42723CC7-879B-4603-8621-6D956F0D5854}.Release|Any CPU.ActiveCfg = Release|Any CPU
		{42723CC7-879B-4603-8621-6D956F0D5854}.Release|Any CPU.Build.0 = Release|Any CPU
		{42723CC7-879B-4603-8621-6D956F0D5854}.Release|Any CPU.Deploy.0 = Release|Any CPU
	EndGlobalSection
	GlobalSection(SolutionProperties) = preSolution
		HideSolutionNode = FALSE
	EndGlobalSection
	GlobalSection(ExtensibilityGlobals) = postSolution
		SolutionGuid = {76CB71CA-4F48-4E35-8DA2-DBA44038000E}
	EndGlobalSection
EndGlobal
